
Microsoft Visual Studio Solution File, Format Version 12.00
# Visual Studio Version 17
VisualStudioVersion = 17.4.33213.308
MinimumVisualStudioVersion = 10.0.40219.1
Project("{FAE04EC0-301F-11D3-BF4B-00C04F79EFBC}") = "Project_Windows", "Project_Windows.csproj", "{E2A43584-F605-4C80-BE52-D8429AE32CA0}"
EndProject
Global
	GlobalSection(SolutionConfigurationPlatforms) = preSolution
		Debug|Any CPU = Debug|Any CPU
		Release|Any CPU = Release|Any CPU
	EndGlobalSection
	GlobalSection(ProjectConfigurationPlatforms) = postSolution
		{E2A43584-F605-4C80-BE52-D8429AE32CA0}.Debug|Any CPU.ActiveCfg = Debug|Any CPU
		{E2A43584-F605-4C80-BE52-D8429AE32CA0}.Debug|Any CPU.Build.0 = Debug|Any CPU
		{E2A43584-F605-4C80-BE52-D8429AE32CA0}.Release|Any CPU.ActiveCfg = Release|Any CPU
		{E2A43584-F605-4C80-BE52-D8429AE32CA0}.Release|Any CPU.Build.0 = Release|Any CPU
	EndGlobalSection
	GlobalSection(SolutionProperties) = preSolution
		HideSolutionNode = FALSE
	EndGlobalSection
	GlobalSection(ExtensibilityGlobals) = postSolution
		SolutionGuid = {3C96C2CF-A4C2-468F-8798-A7D0F40DF546}
	EndGlobalSection
EndGlobal
